<?xml version="1.0" encoding="utf-8"?>
<Project ToolsVersion="4.0" xmlns="http://schemas.microsoft.com/developer/msbuild/2003">
  <ItemGroup>
    <Filter Include="Source Files">
      <UniqueIdentifier>{41f6e3db-443e-40a2-9236-5433083ec530}</UniqueIdentifier>
      <Extensions>cpp;c;cxx;rc;def;r;odl;idl;hpj;bat</Extensions>
    </Filter>
    <Filter Include="Header Files">
      <UniqueIdentifier>{924123a7-bf86-470a-8122-0ca40f19d947}</UniqueIdentifier>
      <Extensions>h;hpp;hxx;hm;inl</Extensions>
    </Filter>
    <Filter Include="Resource Files">
      <UniqueIdentifier>{99f3a0ae-90b0-46d7-811f-ab2efe035a1d}</UniqueIdentifier>
      <Extensions>ico;cur;bmp;dlg;rc2;rct;bin;rgs;gif;jpg;jpeg;jpe</Extensions>
    </Filter>
  </ItemGroup>
  <ItemGroup>
    <ClCompile Include="adjudicator\adjudicator.cpp">
      <Filter>Source Files</Filter>
    </ClCompile>
    <ClCompile Include="AiClient.cpp">
      <Filter>Source Files</Filter>
    </ClCompile>
    <ClCompile Include="AiClientDlg.cpp">
      <Filter>Source Files</Filter>
    </ClCompile>
    <ClCompile Include="BaseBot.cpp">
      <Filter>Source Files</Filter>
    </ClCompile>
    <ClCompile Include="error_log.cpp">
      <Filter>Source Files</Filter>
    </ClCompile>
    <ClCompile Include="adjudicator\map_and_units.cpp">
      <Filter>Source Files</Filter>
    </ClCompile>
    <ClCompile Include="adjudicator\token_message.cpp">
      <Filter>Source Files</Filter>
    </ClCompile>
    <ClCompile Include="adjudicator\token_text_map.cpp">
      <Filter>Source Files</Filter>
    </ClCompile>
    <ClCompile Include="DumbBot.cpp">
      <Filter>Source Files</Filter>
    </ClCompile>
    <ClCompile Include="Negotiator.cpp">
      <Filter>Source Files</Filter>
    </ClCompile>
    <ClCompile Include="stdafx.cpp">
      <Filter>Source Files</Filter>
    </ClCompile>
  </ItemGroup>
  <ItemGroup>
    <ClInclude Include="AiClient.h">
      <Filter>Header Files</Filter>
    </ClInclude>
    <ClInclude Include="AiClientDlg.h">
      <Filter>Header Files</Filter>
    </ClInclude>
    <ClInclude Include="AiClientTypes.h">
      <Filter>Header Files</Filter>
    </ClInclude>
    <ClInclude Include="BaseBot.h">
      <Filter>Header Files</Filter>
    </ClInclude>
    <ClInclude Include="Bot_Type.h">
      <Filter>Header Files</Filter>
    </ClInclude>
    <ClInclude Include="error_log.h">
      <Filter>Header Files</Filter>
    </ClInclude>
    <ClInclude Include="adjudicator\map_and_units.h">
      <Filter>Header Files</Filter>
    </ClInclude>
    <ClInclude Include="Resource.h">
      <Filter>Header Files</Filter>
    </ClInclude>
    <ClInclude Include="adjudicator\token_message.h">
      <Filter>Header Files</Filter>
    </ClInclude>
    <ClInclude Include="adjudicator\token_text_map.h">
      <Filter>Header Files</Filter>
    </ClInclude>
    <ClInclude Include="adjudicator\tokens.h">
      <Filter>Header Files</Filter>
    </ClInclude>
    <ClInclude Include="DumbBot.h">
      <Filter>Header Files</Filter>
    </ClInclude>
    <ClInclude Include="Negotiator.h">
      <Filter>Header Files</Filter>
    </ClInclude>
    <ClInclude Include="stdafx.h">
      <Filter>Header Files</Filter>
    </ClInclude>
  </ItemGroup>
  <ItemGroup>
    <CustomBuild Include="res\AiClient.ico">
      <Filter>Resource Files</Filter>
    </CustomBuild>
    <CustomBuild Include="res\AiClient.rc2">
      <Filter>Resource Files</Filter>
    </CustomBuild>
  </ItemGroup>
  <ItemGroup>
    <ResourceCompile Include="AiClient.rc">
      <Filter>Resource Files</Filter>
    </ResourceCompile>
  </ItemGroup>
</Project>